Microsoft Visual Studio Solution File, Format Version 11.00
# Visual Studio 2008

Project("{2A73D7AD-76E8-1BDF-E15A-D73633FDAD34}") = "YokoariPinpon", "Assembly-CSharp-firstpass.csproj", "{B8ECA1C6-3161-B7E9-02B4-6C29718308AD}"
EndProject
Project("{2A73D7AD-76E8-1BDF-E15A-D73633FDAD34}") = "YokoariPinpon", "Assembly-CSharp.csproj", "{D7DCD62A-25AB-5EAA-A619-376501983DB8}"
EndProject
Project("{2A73D7AD-76E8-1BDF-E15A-D73633FDAD34}") = "YokoariPinpon", "Assembly-CSharp-Editor-firstpass.csproj", "{639DDA80-C240-A233-C992-04D5AFDB154E}"
EndProject
Global
	GlobalSection(SolutionConfigurationPlatforms) = preSolution
		Debug|Any CPU = Debug|Any CPU
		Release|Any CPU = Release|Any CPU
	EndGlobalSection
	GlobalSection(ProjectConfigurationPlatforms) = postSolution
		{B8ECA1C6-3161-B7E9-02B4-6C29718308AD}.Debug|Any CPU.ActiveCfg = Debug|Any CPU
		{B8ECA1C6-3161-B7E9-02B4-6C29718308AD}.Debug|Any CPU.Build.0 = Debug|Any CPU
		{B8ECA1C6-3161-B7E9-02B4-6C29718308AD}.Release|Any CPU.ActiveCfg = Release|Any CPU
		{B8ECA1C6-3161-B7E9-02B4-6C29718308AD}.Release|Any CPU.Build.0 = Release|Any CPU
		{D7DCD62A-25AB-5EAA-A619-376501983DB8}.Debug|Any CPU.ActiveCfg = Debug|Any CPU
		{D7DCD62A-25AB-5EAA-A619-376501983DB8}.Debug|Any CPU.Build.0 = Debug|Any CPU
		{D7DCD62A-25AB-5EAA-A619-376501983DB8}.Release|Any CPU.ActiveCfg = Release|Any CPU
		{D7DCD62A-25AB-5EAA-A619-376501983DB8}.Release|Any CPU.Build.0 = Release|Any CPU
		{639DDA80-C240-A233-C992-04D5AFDB154E}.Debug|Any CPU.ActiveCfg = Debug|Any CPU
		{639DDA80-C240-A233-C992-04D5AFDB154E}.Debug|Any CPU.Build.0 = Debug|Any CPU
		{639DDA80-C240-A233-C992-04D5AFDB154E}.Release|Any CPU.ActiveCfg = Release|Any CPU
		{639DDA80-C240-A233-C992-04D5AFDB154E}.Release|Any CPU.Build.0 = Release|Any CPU
	EndGlobalSection
	GlobalSection(SolutionProperties) = preSolution
		HideSolutionNode = FALSE
	EndGlobalSection
	GlobalSection(MonoDevelopProperties) = preSolution
		StartupItem = Assembly-CSharp.csproj
		Policies = $0
		$0.TextStylePolicy = $1
		$1.inheritsSet = null
		$1.scope = text/x-csharp
		$0.CSharpFormattingPolicy = $2
		$2.inheritsSet = Mono
		$2.inheritsScope = text/x-csharp
		$2.scope = text/x-csharp
		$0.TextStylePolicy = $3
		$3.FileWidth = 120
		$3.TabWidth = 4
		$3.IndentWidth = 4
		$3.EolMarker = Unix
		$3.inheritsSet = Mono
		$3.inheritsScope = text/plain
		$3.scope = text/plain
	EndGlobalSection
EndGlobal
